// !$*UTF8*$!
{
	archiveVersion = 1;
	classes = {
	};
	objectVersion = 56;
	objects = {

/* Begin PBXBuildFile section */
		5507D5FD2B0DA3900055BAAD /* SearchViewModel.swift in Sources */ = {isa = PBXBuildFile; fileRef = 5507D5FC2B0DA3900055BAAD /* SearchViewModel.swift */; };
		5507D5FF2B0DA3DA0055BAAD /* Constants.swift in Sources */ = {isa = PBXBuildFile; fileRef = 5507D5FE2B0DA3DA0055BAAD /* Constants.swift */; };
		5507D6022B0DADF20055BAAD /* KingfisherSwiftUI in Frameworks */ = {isa = PBXBuildFile; productRef = 5507D6012B0DADF20055BAAD /* KingfisherSwiftUI */; };
		5507D6042B0DB37A0055BAAD /* ProfileViewModel.swift in Sources */ = {isa = PBXBuildFile; fileRef = 5507D6032B0DB37A0055BAAD /* ProfileViewModel.swift */; };
		550D578C2B10ED7E00E3660B /* ConversationsViewModel.swift in Sources */ = {isa = PBXBuildFile; fileRef = 550D578B2B10ED7E00E3660B /* ConversationsViewModel.swift */; };
		5521FAAC2B0327F200779248 /* NewPostView.swift in Sources */ = {isa = PBXBuildFile; fileRef = 5521FAAB2B0327F200779248 /* NewPostView.swift */; };
		5521FAB02B032C8800779248 /* TextArea.swift in Sources */ = {isa = PBXBuildFile; fileRef = 5521FAAF2B032C8800779248 /* TextArea.swift */; };
		552DDB152B0C71850086F8B0 /* User.swift in Sources */ = {isa = PBXBuildFile; fileRef = 552DDB142B0C71850086F8B0 /* User.swift */; };
		554EA1D92B1050B60083D533 /* LazyView.swift in Sources */ = {isa = PBXBuildFile; fileRef = 554EA1D82B1050B60083D533 /* LazyView.swift */; };
		5557E1672B0C0535005E4FD6 /* GoogleService-Info.plist in Resources */ = {isa = PBXBuildFile; fileRef = 5557E1662B0C0535005E4FD6 /* GoogleService-Info.plist */; };
		5557E16A2B0C063B005E4FD6 /* FirebaseAuth in Frameworks */ = {isa = PBXBuildFile; productRef = 5557E1692B0C063B005E4FD6 /* FirebaseAuth */; };
		5557E16C2B0C063B005E4FD6 /* FirebaseFirestore in Frameworks */ = {isa = PBXBuildFile; productRef = 5557E16B2B0C063B005E4FD6 /* FirebaseFirestore */; };
		5557E16E2B0C063B005E4FD6 /* FirebaseStorage in Frameworks */ = {isa = PBXBuildFile; productRef = 5557E16D2B0C063B005E4FD6 /* FirebaseStorage */; };
		555BD80D2B0C5E37006395E6 /* AuthViewModel.swift in Sources */ = {isa = PBXBuildFile; fileRef = 555BD80C2B0C5E37006395E6 /* AuthViewModel.swift */; };
		556344A42B0E64EA0010D957 /* UploadPostViewModel.swift in Sources */ = {isa = PBXBuildFile; fileRef = 556344A32B0E64EA0010D957 /* UploadPostViewModel.swift */; };
		556344A62B0E6E590010D957 /* FeedViewModel.swift in Sources */ = {isa = PBXBuildFile; fileRef = 556344A52B0E6E590010D957 /* FeedViewModel.swift */; };
		556344AA2B0E6EC90010D957 /* Post.swift in Sources */ = {isa = PBXBuildFile; fileRef = 556344A92B0E6EC90010D957 /* Post.swift */; };
		556A56132B0527BC00AFE465 /* ImagePicker.swift in Sources */ = {isa = PBXBuildFile; fileRef = 556A56122B0527BC00AFE465 /* ImagePicker.swift */; };
		55B89AAF2AFE6C820092BC7F /* ConversationsView.swift in Sources */ = {isa = PBXBuildFile; fileRef = 55B89AAE2AFE6C820092BC7F /* ConversationsView.swift */; };
		55B89AB12AFE6C950092BC7F /* ConversationCell.swift in Sources */ = {isa = PBXBuildFile; fileRef = 55B89AB02AFE6C950092BC7F /* ConversationCell.swift */; };
		55B89AB32AFE73150092BC7F /* MessageInputView.swift in Sources */ = {isa = PBXBuildFile; fileRef = 55B89AB22AFE73150092BC7F /* MessageInputView.swift */; };
		55B89AB52AFE73A20092BC7F /* ChatView.swift in Sources */ = {isa = PBXBuildFile; fileRef = 55B89AB42AFE73A20092BC7F /* ChatView.swift */; };
		55B89AB72AFE76720092BC7F /* ChatBubble.swift in Sources */ = {isa = PBXBuildFile; fileRef = 55B89AB62AFE76720092BC7F /* ChatBubble.swift */; };
		55B89AB92AFE79820092BC7F /* Message.swift in Sources */ = {isa = PBXBuildFile; fileRef = 55B89AB82AFE79820092BC7F /* Message.swift */; };
		55B89ABB2AFE7E920092BC7F /* MessageView.swift in Sources */ = {isa = PBXBuildFile; fileRef = 55B89ABA2AFE7E920092BC7F /* MessageView.swift */; };
		55B89ABD2AFE81EC0092BC7F /* NewMessageView.swift in Sources */ = {isa = PBXBuildFile; fileRef = 55B89ABC2AFE81EC0092BC7F /* NewMessageView.swift */; };
		55BF45312B0E932E00663D6C /* PostDetailView.swift in Sources */ = {isa = PBXBuildFile; fileRef = 55BF45302B0E932E00663D6C /* PostDetailView.swift */; };
		55BF45332B0E969200663D6C /* PostActionsView.swift in Sources */ = {isa = PBXBuildFile; fileRef = 55BF45322B0E969200663D6C /* PostActionsView.swift */; };
		55BF45352B0E991300663D6C /* PostActionViewModel.swift in Sources */ = {isa = PBXBuildFile; fileRef = 55BF45342B0E991300663D6C /* PostActionViewModel.swift */; };
		55C2D12E2AFB4384006C1D0C /* GraceApp.swift in Sources */ = {isa = PBXBuildFile; fileRef = 55C2D12D2AFB4384006C1D0C /* GraceApp.swift */; };
		55C2D1302AFB4384006C1D0C /* ContentView.swift in Sources */ = {isa = PBXBuildFile; fileRef = 55C2D12F2AFB4384006C1D0C /* ContentView.swift */; };
		55C2D1322AFB4385006C1D0C /* Assets.xcassets in Resources */ = {isa = PBXBuildFile; fileRef = 55C2D1312AFB4385006C1D0C /* Assets.xcassets */; };
		55C2D1352AFB4385006C1D0C /* Preview Assets.xcassets in Resources */ = {isa = PBXBuildFile; fileRef = 55C2D1342AFB4385006C1D0C /* Preview Assets.xcassets */; };
		55D8314C2B04801400B2712F /* LoginView.swift in Sources */ = {isa = PBXBuildFile; fileRef = 55D8314B2B04801400B2712F /* LoginView.swift */; };
		55D8314E2B04801A00B2712F /* RegistrationView.swift in Sources */ = {isa = PBXBuildFile; fileRef = 55D8314D2B04801A00B2712F /* RegistrationView.swift */; };
		55D831502B04813200B2712F /* CustomTextField.swift in Sources */ = {isa = PBXBuildFile; fileRef = 55D8314F2B04813200B2712F /* CustomTextField.swift */; };
		55D831522B04856900B2712F /* CustomSecureField.swift in Sources */ = {isa = PBXBuildFile; fileRef = 55D831512B04856900B2712F /* CustomSecureField.swift */; };
		55DAA80C2B10E395006DFA4C /* ChatViewModel.swift in Sources */ = {isa = PBXBuildFile; fileRef = 55DAA80B2B10E395006DFA4C /* ChatViewModel.swift */; };
		55E828342AFEB9B300D40D98 /* UserProfileView.swift in Sources */ = {isa = PBXBuildFile; fileRef = 55E828332AFEB9B300D40D98 /* UserProfileView.swift */; };
		55E828362AFEBA6D00D40D98 /* ProfileHeaderView.swift in Sources */ = {isa = PBXBuildFile; fileRef = 55E828352AFEBA6D00D40D98 /* ProfileHeaderView.swift */; };
		55E828382AFEBA8000D40D98 /* ProfileActionButtonView.swift in Sources */ = {isa = PBXBuildFile; fileRef = 55E828372AFEBA8000D40D98 /* ProfileActionButtonView.swift */; };
		55E8283A2AFEBA8C00D40D98 /* FilterButtonView.swift in Sources */ = {isa = PBXBuildFile; fileRef = 55E828392AFEBA8C00D40D98 /* FilterButtonView.swift */; };
		55E93E812AFBEFFF0033CE2A /* FeedView.swift in Sources */ = {isa = PBXBuildFile; fileRef = 55E93E802AFBEFFF0033CE2A /* FeedView.swift */; };
		55E93E832AFBF2100033CE2A /* GraceCell.swift in Sources */ = {isa = PBXBuildFile; fileRef = 55E93E822AFBF2100033CE2A /* GraceCell.swift */; };
		55E93E852AFBF8FA0033CE2A /* SearchView.swift in Sources */ = {isa = PBXBuildFile; fileRef = 55E93E842AFBF8FA0033CE2A /* SearchView.swift */; };
		55E93E872AFBF9D20033CE2A /* SearchBar.swift in Sources */ = {isa = PBXBuildFile; fileRef = 55E93E862AFBF9D20033CE2A /* SearchBar.swift */; };
		55E93E892AFBFD580033CE2A /* UserCell.swift in Sources */ = {isa = PBXBuildFile; fileRef = 55E93E882AFBFD580033CE2A /* UserCell.swift */; };
/* End PBXBuildFile section */

/* Begin PBXFileReference section */
		5507D5FC2B0DA3900055BAAD /* SearchViewModel.swift */ = {isa = PBXFileReference; lastKnownFileType = sourcecode.swift; path = SearchViewModel.swift; sourceTree = "<group>"; };
		5507D5FE2B0DA3DA0055BAAD /* Constants.swift */ = {isa = PBXFileReference; lastKnownFileType = sourcecode.swift; path = Constants.swift; sourceTree = "<group>"; };
		5507D6032B0DB37A0055BAAD /* ProfileViewModel.swift */ = {isa = PBXFileReference; lastKnownFileType = sourcecode.swift; path = ProfileViewModel.swift; sourceTree = "<group>"; };
		550D578B2B10ED7E00E3660B /* ConversationsViewModel.swift */ = {isa = PBXFileReference; lastKnownFileType = sourcecode.swift; path = ConversationsViewModel.swift; sourceTree = "<group>"; };
		5521FAAB2B0327F200779248 /* NewPostView.swift */ = {isa = PBXFileReference; lastKnownFileType = sourcecode.swift; path = NewPostView.swift; sourceTree = "<group>"; };
		5521FAAF2B032C8800779248 /* TextArea.swift */ = {isa = PBXFileReference; lastKnownFileType = sourcecode.swift; path = TextArea.swift; sourceTree = "<group>"; };
		552DDB142B0C71850086F8B0 /* User.swift */ = {isa = PBXFileReference; lastKnownFileType = sourcecode.swift; path = User.swift; sourceTree = "<group>"; };
		554EA1D82B1050B60083D533 /* LazyView.swift */ = {isa = PBXFileReference; lastKnownFileType = sourcecode.swift; path = LazyView.swift; sourceTree = "<group>"; };
		5557E1662B0C0535005E4FD6 /* GoogleService-Info.plist */ = {isa = PBXFileReference; fileEncoding = 4; lastKnownFileType = text.plist.xml; path = "GoogleService-Info.plist"; sourceTree = "<group>"; };
		555BD80C2B0C5E37006395E6 /* AuthViewModel.swift */ = {isa = PBXFileReference; lastKnownFileType = sourcecode.swift; path = AuthViewModel.swift; sourceTree = "<group>"; };
		556344A32B0E64EA0010D957 /* UploadPostViewModel.swift */ = {isa = PBXFileReference; lastKnownFileType = sourcecode.swift; path = UploadPostViewModel.swift; sourceTree = "<group>"; };
		556344A52B0E6E590010D957 /* FeedViewModel.swift */ = {isa = PBXFileReference; lastKnownFileType = sourcecode.swift; path = FeedViewModel.swift; sourceTree = "<group>"; };
		556344A92B0E6EC90010D957 /* Post.swift */ = {isa = PBXFileReference; lastKnownFileType = sourcecode.swift; path = Post.swift; sourceTree = "<group>"; };
		556A56122B0527BC00AFE465 /* ImagePicker.swift */ = {isa = PBXFileReference; lastKnownFileType = sourcecode.swift; path = ImagePicker.swift; sourceTree = "<group>"; };
		55B89AAE2AFE6C820092BC7F /* ConversationsView.swift */ = {isa = PBXFileReference; lastKnownFileType = sourcecode.swift; path = ConversationsView.swift; sourceTree = "<group>"; };
		55B89AB02AFE6C950092BC7F /* ConversationCell.swift */ = {isa = PBXFileReference; lastKnownFileType = sourcecode.swift; path = ConversationCell.swift; sourceTree = "<group>"; };
		55B89AB22AFE73150092BC7F /* MessageInputView.swift */ = {isa = PBXFileReference; lastKnownFileType = sourcecode.swift; path = MessageInputView.swift; sourceTree = "<group>"; };
		55B89AB42AFE73A20092BC7F /* ChatView.swift */ = {isa = PBXFileReference; lastKnownFileType = sourcecode.swift; path = ChatView.swift; sourceTree = "<group>"; };
		55B89AB62AFE76720092BC7F /* ChatBubble.swift */ = {isa = PBXFileReference; lastKnownFileType = sourcecode.swift; path = ChatBubble.swift; sourceTree = "<group>"; };
		55B89AB82AFE79820092BC7F /* Message.swift */ = {isa = PBXFileReference; lastKnownFileType = sourcecode.swift; path = Message.swift; sourceTree = "<group>"; };
		55B89ABA2AFE7E920092BC7F /* MessageView.swift */ = {isa = PBXFileReference; lastKnownFileType = sourcecode.swift; path = MessageView.swift; sourceTree = "<group>"; };
		55B89ABC2AFE81EC0092BC7F /* NewMessageView.swift */ = {isa = PBXFileReference; lastKnownFileType = sourcecode.swift; path = NewMessageView.swift; sourceTree = "<group>"; };
		55BF45302B0E932E00663D6C /* PostDetailView.swift */ = {isa = PBXFileReference; lastKnownFileType = sourcecode.swift; path = PostDetailView.swift; sourceTree = "<group>"; };
		55BF45322B0E969200663D6C /* PostActionsView.swift */ = {isa = PBXFileReference; lastKnownFileType = sourcecode.swift; path = PostActionsView.swift; sourceTree = "<group>"; };
		55BF45342B0E991300663D6C /* PostActionViewModel.swift */ = {isa = PBXFileReference; lastKnownFileType = sourcecode.swift; path = PostActionViewModel.swift; sourceTree = "<group>"; };
		55C2D12A2AFB4384006C1D0C /* xs.app */ = {isa = PBXFileReference; explicitFileType = wrapper.application; includeInIndex = 0; path = xs.app; sourceTree = BUILT_PRODUCTS_DIR; };
		55C2D12D2AFB4384006C1D0C /* GraceApp.swift */ = {isa = PBXFileReference; lastKnownFileType = sourcecode.swift; path = GraceApp.swift; sourceTree = "<group>"; };
		55C2D12F2AFB4384006C1D0C /* ContentView.swift */ = {isa = PBXFileReference; lastKnownFileType = sourcecode.swift; path = ContentView.swift; sourceTree = "<group>"; };
		55C2D1312AFB4385006C1D0C /* Assets.xcassets */ = {isa = PBXFileReference; lastKnownFileType = folder.assetcatalog; path = Assets.xcassets; sourceTree = "<group>"; };
		55C2D1342AFB4385006C1D0C /* Preview Assets.xcassets */ = {isa = PBXFileReference; lastKnownFileType = folder.assetcatalog; path = "Preview Assets.xcassets"; sourceTree = "<group>"; };
		55D8314B2B04801400B2712F /* LoginView.swift */ = {isa = PBXFileReference; lastKnownFileType = sourcecode.swift; path = LoginView.swift; sourceTree = "<group>"; };
		55D8314D2B04801A00B2712F /* RegistrationView.swift */ = {isa = PBXFileReference; lastKnownFileType = sourcecode.swift; path = RegistrationView.swift; sourceTree = "<group>"; };
		55D8314F2B04813200B2712F /* CustomTextField.swift */ = {isa = PBXFileReference; lastKnownFileType = sourcecode.swift; path = CustomTextField.swift; sourceTree = "<group>"; };
		55D831512B04856900B2712F /* CustomSecureField.swift */ = {isa = PBXFileReference; lastKnownFileType = sourcecode.swift; path = CustomSecureField.swift; sourceTree = "<group>"; };
		55DAA80B2B10E395006DFA4C /* ChatViewModel.swift */ = {isa = PBXFileReference; lastKnownFileType = sourcecode.swift; path = ChatViewModel.swift; sourceTree = "<group>"; };
		55E828332AFEB9B300D40D98 /* UserProfileView.swift */ = {isa = PBXFileReference; lastKnownFileType = sourcecode.swift; path = UserProfileView.swift; sourceTree = "<group>"; };
		55E828352AFEBA6D00D40D98 /* ProfileHeaderView.swift */ = {isa = PBXFileReference; lastKnownFileType = sourcecode.swift; path = ProfileHeaderView.swift; sourceTree = "<group>"; };
		55E828372AFEBA8000D40D98 /* ProfileActionButtonView.swift */ = {isa = PBXFileReference; lastKnownFileType = sourcecode.swift; path = ProfileActionButtonView.swift; sourceTree = "<group>"; };
		55E828392AFEBA8C00D40D98 /* FilterButtonView.swift */ = {isa = PBXFileReference; lastKnownFileType = sourcecode.swift; path = FilterButtonView.swift; sourceTree = "<group>"; };
		55E93E802AFBEFFF0033CE2A /* FeedView.swift */ = {isa = PBXFileReference; lastKnownFileType = sourcecode.swift; path = FeedView.swift; sourceTree = "<group>"; };
		55E93E822AFBF2100033CE2A /* GraceCell.swift */ = {isa = PBXFileReference; lastKnownFileType = sourcecode.swift; path = GraceCell.swift; sourceTree = "<group>"; };
		55E93E842AFBF8FA0033CE2A /* SearchView.swift */ = {isa = PBXFileReference; lastKnownFileType = sourcecode.swift; path = SearchView.swift; sourceTree = "<group>"; };
		55E93E862AFBF9D20033CE2A /* SearchBar.swift */ = {isa = PBXFileReference; lastKnownFileType = sourcecode.swift; path = SearchBar.swift; sourceTree = "<group>"; };
		55E93E882AFBFD580033CE2A /* UserCell.swift */ = {isa = PBXFileReference; lastKnownFileType = sourcecode.swift; path = UserCell.swift; sourceTree = "<group>"; };
/* End PBXFileReference section */

/* Begin PBXFrameworksBuildPhase section */
		55C2D1272AFB4384006C1D0C /* Frameworks */ = {
			isa = PBXFrameworksBuildPhase;
			buildActionMask = 2147483647;
			files = (
				5557E16A2B0C063B005E4FD6 /* FirebaseAuth in Frameworks */,
				5557E16C2B0C063B005E4FD6 /* FirebaseFirestore in Frameworks */,
				5507D6022B0DADF20055BAAD /* KingfisherSwiftUI in Frameworks */,
				5557E16E2B0C063B005E4FD6 /* FirebaseStorage in Frameworks */,
			);
			runOnlyForDeploymentPostprocessing = 0;
		};
/* End PBXFrameworksBuildPhase section */

/* Begin PBXGroup section */
		5521FAAA2B0327CE00779248 /* Posts */ = {
			isa = PBXGroup;
			children = (
				55E93E822AFBF2100033CE2A /* GraceCell.swift */,
				5521FAAB2B0327F200779248 /* NewPostView.swift */,
				55BF45302B0E932E00663D6C /* PostDetailView.swift */,
				55BF45322B0E969200663D6C /* PostActionsView.swift */,
			);
			path = Posts;
			sourceTree = "<group>";
		};
		5521FAAD2B032C6900779248 /* Utils */ = {
			isa = PBXGroup;
			children = (
				5521FAAE2B032C7500779248 /* Views */,
				5507D5FE2B0DA3DA0055BAAD /* Constants.swift */,
			);
			path = Utils;
			sourceTree = "<group>";
		};
		5521FAAE2B032C7500779248 /* Views */ = {
			isa = PBXGroup;
			children = (
				5521FAAF2B032C8800779248 /* TextArea.swift */,
				55D8314F2B04813200B2712F /* CustomTextField.swift */,
				55D831512B04856900B2712F /* CustomSecureField.swift */,
				556A56122B0527BC00AFE465 /* ImagePicker.swift */,
				554EA1D82B1050B60083D533 /* LazyView.swift */,
			);
			path = Views;
			sourceTree = "<group>";
		};
		55B89AAD2AFE6C630092BC7F /* Mensajes */ = {
			isa = PBXGroup;
			children = (
				55B89AAE2AFE6C820092BC7F /* ConversationsView.swift */,
				55B89AB62AFE76720092BC7F /* ChatBubble.swift */,
				55B89AB02AFE6C950092BC7F /* ConversationCell.swift */,
				55B89AB22AFE73150092BC7F /* MessageInputView.swift */,
				55B89AB42AFE73A20092BC7F /* ChatView.swift */,
				55B89ABA2AFE7E920092BC7F /* MessageView.swift */,
				55B89ABC2AFE81EC0092BC7F /* NewMessageView.swift */,
			);
			path = Mensajes;
			sourceTree = "<group>";
		};
		55BD335D2B15B2FC002041AF /* Feed */ = {
			isa = PBXGroup;
			children = (
				55E93E802AFBEFFF0033CE2A /* FeedView.swift */,
			);
			path = Feed;
			sourceTree = "<group>";
		};
		55BD335E2B15B418002041AF /* Main */ = {
			isa = PBXGroup;
			children = (
				55C2D12F2AFB4384006C1D0C /* ContentView.swift */,
			);
			path = Main;
			sourceTree = "<group>";
		};
		55BD335F2B15B47C002041AF /* Search */ = {
			isa = PBXGroup;
			children = (
				55E93E842AFBF8FA0033CE2A /* SearchView.swift */,
				55E93E882AFBFD580033CE2A /* UserCell.swift */,
				55E93E862AFBF9D20033CE2A /* SearchBar.swift */,
			);
			path = Search;
			sourceTree = "<group>";
		};
		55C2D1212AFB4384006C1D0C = {
			isa = PBXGroup;
			children = (
				55C2D12C2AFB4384006C1D0C /* xs */,
				55C2D12B2AFB4384006C1D0C /* Products */,
			);
			sourceTree = "<group>";
		};
		55C2D12B2AFB4384006C1D0C /* Products */ = {
			isa = PBXGroup;
			children = (
				55C2D12A2AFB4384006C1D0C /* xs.app */,
			);
			name = Products;
			sourceTree = "<group>";
		};
		55C2D12C2AFB4384006C1D0C /* xs */ = {
			isa = PBXGroup;
			children = (
				5557E1662B0C0535005E4FD6 /* GoogleService-Info.plist */,
				55C2D12D2AFB4384006C1D0C /* GraceApp.swift */,
				55E93E7E2AFBEFBB0033CE2A /* Model */,
				5521FAAD2B032C6900779248 /* Utils */,
				55E93E7D2AFBEFB40033CE2A /* View */,
				55E93E7F2AFBEFD00033CE2A /* ViewModels */,
				55C2D1312AFB4385006C1D0C /* Assets.xcassets */,
				55C2D1332AFB4385006C1D0C /* Preview Content */,
			);
			path = xs;
			sourceTree = "<group>";
		};
		55C2D1332AFB4385006C1D0C /* Preview Content */ = {
			isa = PBXGroup;
			children = (
				55C2D1342AFB4385006C1D0C /* Preview Assets.xcassets */,
			);
			path = "Preview Content";
			sourceTree = "<group>";
		};
		55D8314A2B04800000B2712F /* Autenticacion */ = {
			isa = PBXGroup;
			children = (
				55D8314B2B04801400B2712F /* LoginView.swift */,
				55D8314D2B04801A00B2712F /* RegistrationView.swift */,
			);
			path = Autenticacion;
			sourceTree = "<group>";
		};
		55E828322AFEB99D00D40D98 /* Perfil */ = {
			isa = PBXGroup;
			children = (
				55E828332AFEB9B300D40D98 /* UserProfileView.swift */,
				55E828352AFEBA6D00D40D98 /* ProfileHeaderView.swift */,
				55E828372AFEBA8000D40D98 /* ProfileActionButtonView.swift */,
				55E828392AFEBA8C00D40D98 /* FilterButtonView.swift */,
			);
			path = Perfil;
			sourceTree = "<group>";
		};
		55E93E7D2AFBEFB40033CE2A /* View */ = {
			isa = PBXGroup;
			children = (
				55BD335F2B15B47C002041AF /* Search */,
				55BD335E2B15B418002041AF /* Main */,
				55E828322AFEB99D00D40D98 /* Perfil */,
				55BD335D2B15B2FC002041AF /* Feed */,
				55D8314A2B04800000B2712F /* Autenticacion */,
				5521FAAA2B0327CE00779248 /* Posts */,
				55B89AAD2AFE6C630092BC7F /* Mensajes */,
			);
			path = View;
			sourceTree = "<group>";
		};
		55E93E7E2AFBEFBB0033CE2A /* Model */ = {
			isa = PBXGroup;
			children = (
				55B89AB82AFE79820092BC7F /* Message.swift */,
				552DDB142B0C71850086F8B0 /* User.swift */,
				556344A92B0E6EC90010D957 /* Post.swift */,
			);
			path = Model;
			sourceTree = "<group>";
		};
		55E93E7F2AFBEFD00033CE2A /* ViewModels */ = {
			isa = PBXGroup;
			children = (
				555BD80C2B0C5E37006395E6 /* AuthViewModel.swift */,
				556344A32B0E64EA0010D957 /* UploadPostViewModel.swift */,
				5507D5FC2B0DA3900055BAAD /* SearchViewModel.swift */,
				5507D6032B0DB37A0055BAAD /* ProfileViewModel.swift */,
				556344A52B0E6E590010D957 /* FeedViewModel.swift */,
				55BF45342B0E991300663D6C /* PostActionViewModel.swift */,
				55DAA80B2B10E395006DFA4C /* ChatViewModel.swift */,
				550D578B2B10ED7E00E3660B /* ConversationsViewModel.swift */,
			);
			path = ViewModels;
			sourceTree = "<group>";
		};
/* End PBXGroup section */

/* Begin PBXNativeTarget section */
		55C2D1292AFB4384006C1D0C /* xs */ = {
			isa = PBXNativeTarget;
			buildConfigurationList = 55C2D1382AFB4385006C1D0C /* Build configuration list for PBXNativeTarget "xs" */;
			buildPhases = (
				55C2D1262AFB4384006C1D0C /* Sources */,
				55C2D1272AFB4384006C1D0C /* Frameworks */,
				55C2D1282AFB4384006C1D0C /* Resources */,
			);
			buildRules = (
			);
			dependencies = (
			);
			name = xs;
			packageProductDependencies = (
				5557E1692B0C063B005E4FD6 /* FirebaseAuth */,
				5557E16B2B0C063B005E4FD6 /* FirebaseFirestore */,
				5557E16D2B0C063B005E4FD6 /* FirebaseStorage */,
				5507D6012B0DADF20055BAAD /* KingfisherSwiftUI */,
			);
			productName = xs;
			productReference = 55C2D12A2AFB4384006C1D0C /* xs.app */;
			productType = "com.apple.product-type.application";
		};
/* End PBXNativeTarget section */

/* Begin PBXProject section */
		55C2D1222AFB4384006C1D0C /* Project object */ = {
			isa = PBXProject;
			attributes = {
				BuildIndependentTargetsInParallel = 1;
				LastSwiftUpdateCheck = 1430;
				LastUpgradeCheck = 1430;
				TargetAttributes = {
					55C2D1292AFB4384006C1D0C = {
						CreatedOnToolsVersion = 14.3;
					};
				};
			};
			buildConfigurationList = 55C2D1252AFB4384006C1D0C /* Build configuration list for PBXProject "xs" */;
			compatibilityVersion = "Xcode 14.0";
			developmentRegion = en;
			hasScannedForEncodings = 0;
			knownRegions = (
				en,
				Base,
			);
			mainGroup = 55C2D1212AFB4384006C1D0C;
			packageReferences = (
				5557E1682B0C063B005E4FD6 /* XCRemoteSwiftPackageReference "firebase-ios-sdk" */,
				5507D6002B0DADF10055BAAD /* XCRemoteSwiftPackageReference "Kingfisher" */,
			);
			productRefGroup = 55C2D12B2AFB4384006C1D0C /* Products */;
			projectDirPath = "";
			projectRoot = "";
			targets = (
				55C2D1292AFB4384006C1D0C /* xs */,
			);
		};
/* End PBXProject section */

/* Begin PBXResourcesBuildPhase section */
		55C2D1282AFB4384006C1D0C /* Resources */ = {
			isa = PBXResourcesBuildPhase;
			buildActionMask = 2147483647;
			files = (
				55C2D1352AFB4385006C1D0C /* Preview Assets.xcassets in Resources */,
				55C2D1322AFB4385006C1D0C /* Assets.xcassets in Resources */,
				5557E1672B0C0535005E4FD6 /* GoogleService-Info.plist in Resources */,
			);
			runOnlyForDeploymentPostprocessing = 0;
		};
/* End PBXResourcesBuildPhase section */

/* Begin PBXSourcesBuildPhase section */
		55C2D1262AFB4384006C1D0C /* Sources */ = {
			isa = PBXSourcesBuildPhase;
			buildActionMask = 2147483647;
			files = (
				554EA1D92B1050B60083D533 /* LazyView.swift in Sources */,
				550D578C2B10ED7E00E3660B /* ConversationsViewModel.swift in Sources */,
				55E93E852AFBF8FA0033CE2A /* SearchView.swift in Sources */,
				5521FAB02B032C8800779248 /* TextArea.swift in Sources */,
				55D8314E2B04801A00B2712F /* RegistrationView.swift in Sources */,
				55B89AB32AFE73150092BC7F /* MessageInputView.swift in Sources */,
				55BF45352B0E991300663D6C /* PostActionViewModel.swift in Sources */,
				55C2D1302AFB4384006C1D0C /* ContentView.swift in Sources */,
				556344A62B0E6E590010D957 /* FeedViewModel.swift in Sources */,
				5507D5FF2B0DA3DA0055BAAD /* Constants.swift in Sources */,
				55E93E812AFBEFFF0033CE2A /* FeedView.swift in Sources */,
				55E828362AFEBA6D00D40D98 /* ProfileHeaderView.swift in Sources */,
				55B89AB52AFE73A20092BC7F /* ChatView.swift in Sources */,
				55BF45332B0E969200663D6C /* PostActionsView.swift in Sources */,
				55DAA80C2B10E395006DFA4C /* ChatViewModel.swift in Sources */,
				55B89AAF2AFE6C820092BC7F /* ConversationsView.swift in Sources */,
				55BF45312B0E932E00663D6C /* PostDetailView.swift in Sources */,
				55D8314C2B04801400B2712F /* LoginView.swift in Sources */,
				556344A42B0E64EA0010D957 /* UploadPostViewModel.swift in Sources */,
				55E8283A2AFEBA8C00D40D98 /* FilterButtonView.swift in Sources */,
				5507D6042B0DB37A0055BAAD /* ProfileViewModel.swift in Sources */,
				55E93E832AFBF2100033CE2A /* GraceCell.swift in Sources */,
				55B89AB72AFE76720092BC7F /* ChatBubble.swift in Sources */,
				556A56132B0527BC00AFE465 /* ImagePicker.swift in Sources */,
				55C2D12E2AFB4384006C1D0C /* GraceApp.swift in Sources */,
				55B89ABD2AFE81EC0092BC7F /* NewMessageView.swift in Sources */,
				55B89AB92AFE79820092BC7F /* Message.swift in Sources */,
				556344AA2B0E6EC90010D957 /* Post.swift in Sources */,
				555BD80D2B0C5E37006395E6 /* AuthViewModel.swift in Sources */,
				5507D5FD2B0DA3900055BAAD /* SearchViewModel.swift in Sources */,
				55E828342AFEB9B300D40D98 /* UserProfileView.swift in Sources */,
				55E93E872AFBF9D20033CE2A /* SearchBar.swift in Sources */,
				552DDB152B0C71850086F8B0 /* User.swift in Sources */,
				55E828382AFEBA8000D40D98 /* ProfileActionButtonView.swift in Sources */,
				55E93E892AFBFD580033CE2A /* UserCell.swift in Sources */,
				55D831502B04813200B2712F /* CustomTextField.swift in Sources */,
				55B89ABB2AFE7E920092BC7F /* MessageView.swift in Sources */,
				55D831522B04856900B2712F /* CustomSecureField.swift in Sources */,
				55B89AB12AFE6C950092BC7F /* ConversationCell.swift in Sources */,
				5521FAAC2B0327F200779248 /* NewPostView.swift in Sources */,
			);
			runOnlyForDeploymentPostprocessing = 0;
		};
/* End PBXSourcesBuildPhase section */

/* Begin XCBuildConfiguration section */
		55C2D1362AFB4385006C1D0C /* Debug */ = {
			isa = XCBuildConfiguration;
			buildSettings = {
				ALWAYS_SEARCH_USER_PATHS = NO;
				CLANG_ANALYZER_NONNULL = YES;
				CLANG_ANALYZER_NUMBER_OBJECT_CONVERSION = YES_AGGRESSIVE;
				CLANG_CXX_LANGUAGE_STANDARD = "gnu++20";
				CLANG_ENABLE_MODULES = YES;
				CLANG_ENABLE_OBJC_ARC = YES;
				CLANG_ENABLE_OBJC_WEAK = YES;
				CLANG_WARN_BLOCK_CAPTURE_AUTORELEASING = YES;
				CLANG_WARN_BOOL_CONVERSION = YES;
				CLANG_WARN_COMMA = YES;
				CLANG_WARN_CONSTANT_CONVERSION = YES;
				CLANG_WARN_DEPRECATED_OBJC_IMPLEMENTATIONS = YES;
				CLANG_WARN_DIRECT_OBJC_ISA_USAGE = YES_ERROR;
				CLANG_WARN_DOCUMENTATION_COMMENTS = YES;
				CLANG_WARN_EMPTY_BODY = YES;
				CLANG_WARN_ENUM_CONVERSION = YES;
				CLANG_WARN_INFINITE_RECURSION = YES;
				CLANG_WARN_INT_CONVERSION = YES;
				CLANG_WARN_NON_LITERAL_NULL_CONVERSION = YES;
				CLANG_WARN_OBJC_IMPLICIT_RETAIN_SELF = YES;
				CLANG_WARN_OBJC_LITERAL_CONVERSION = YES;
				CLANG_WARN_OBJC_ROOT_CLASS = YES_ERROR;
				CLANG_WARN_QUOTED_INCLUDE_IN_FRAMEWORK_HEADER = YES;
				CLANG_WARN_RANGE_LOOP_ANALYSIS = YES;
				CLANG_WARN_STRICT_PROTOTYPES = YES;
				CLANG_WARN_SUSPICIOUS_MOVE = YES;
				CLANG_WARN_UNGUARDED_AVAILABILITY = YES_AGGRESSIVE;
				CLANG_WARN_UNREACHABLE_CODE = YES;
				CLANG_WARN__DUPLICATE_METHOD_MATCH = YES;
				COPY_PHASE_STRIP = NO;
				DEBUG_INFORMATION_FORMAT = dwarf;
				ENABLE_STRICT_OBJC_MSGSEND = YES;
				ENABLE_TESTABILITY = YES;
				GCC_C_LANGUAGE_STANDARD = gnu11;
				GCC_DYNAMIC_NO_PIC = NO;
				GCC_NO_COMMON_BLOCKS = YES;
				GCC_OPTIMIZATION_LEVEL = 0;
				GCC_PREPROCESSOR_DEFINITIONS = (
					"DEBUG=1",
					"$(inherited)",
				);
				GCC_WARN_64_TO_32_BIT_CONVERSION = YES;
				GCC_WARN_ABOUT_RETURN_TYPE = YES_ERROR;
				GCC_WARN_UNDECLARED_SELECTOR = YES;
				GCC_WARN_UNINITIALIZED_AUTOS = YES_AGGRESSIVE;
				GCC_WARN_UNUSED_FUNCTION = YES;
				GCC_WARN_UNUSED_VARIABLE = YES;
				IPHONEOS_DEPLOYMENT_TARGET = 16.4;
				MTL_ENABLE_DEBUG_INFO = INCLUDE_SOURCE;
				MTL_FAST_MATH = YES;
				ONLY_ACTIVE_ARCH = YES;
				SDKROOT = iphoneos;
				SWIFT_ACTIVE_COMPILATION_CONDITIONS = DEBUG;
				SWIFT_OPTIMIZATION_LEVEL = "-Onone";
			};
			name = Debug;
		};
		55C2D1372AFB4385006C1D0C /* Release */ = {
			isa = XCBuildConfiguration;
			buildSettings = {
				ALWAYS_SEARCH_USER_PATHS = NO;
				CLANG_ANALYZER_NONNULL = YES;
				CLANG_ANALYZER_NUMBER_OBJECT_CONVERSION = YES_AGGRESSIVE;
				CLANG_CXX_LANGUAGE_STANDARD = "gnu++20";
				CLANG_ENABLE_MODULES = YES;
				CLANG_ENABLE_OBJC_ARC = YES;
				CLANG_ENABLE_OBJC_WEAK = YES;
				CLANG_WARN_BLOCK_CAPTURE_AUTORELEASING = YES;
				CLANG_WARN_BOOL_CONVERSION = YES;
				CLANG_WARN_COMMA = YES;
				CLANG_WARN_CONSTANT_CONVERSION = YES;
				CLANG_WARN_DEPRECATED_OBJC_IMPLEMENTATIONS = YES;
				CLANG_WARN_DIRECT_OBJC_ISA_USAGE = YES_ERROR;
				CLANG_WARN_DOCUMENTATION_COMMENTS = YES;
				CLANG_WARN_EMPTY_BODY = YES;
				CLANG_WARN_ENUM_CONVERSION = YES;
				CLANG_WARN_INFINITE_RECURSION = YES;
				CLANG_WARN_INT_CONVERSION = YES;
				CLANG_WARN_NON_LITERAL_NULL_CONVERSION = YES;
				CLANG_WARN_OBJC_IMPLICIT_RETAIN_SELF = YES;
				CLANG_WARN_OBJC_LITERAL_CONVERSION = YES;
				CLANG_WARN_OBJC_ROOT_CLASS = YES_ERROR;
				CLANG_WARN_QUOTED_INCLUDE_IN_FRAMEWORK_HEADER = YES;
				CLANG_WARN_RANGE_LOOP_ANALYSIS = YES;
				CLANG_WARN_STRICT_PROTOTYPES = YES;
				CLANG_WARN_SUSPICIOUS_MOVE = YES;
				CLANG_WARN_UNGUARDED_AVAILABILITY = YES_AGGRESSIVE;
				CLANG_WARN_UNREACHABLE_CODE = YES;
				CLANG_WARN__DUPLICATE_METHOD_MATCH = YES;
				COPY_PHASE_STRIP = NO;
				DEBUG_INFORMATION_FORMAT = "dwarf-with-dsym";
				ENABLE_NS_ASSERTIONS = NO;
				ENABLE_STRICT_OBJC_MSGSEND = YES;
				GCC_C_LANGUAGE_STANDARD = gnu11;
				GCC_NO_COMMON_BLOCKS = YES;
				GCC_WARN_64_TO_32_BIT_CONVERSION = YES;
				GCC_WARN_ABOUT_RETURN_TYPE = YES_ERROR;
				GCC_WARN_UNDECLARED_SELECTOR = YES;
				GCC_WARN_UNINITIALIZED_AUTOS = YES_AGGRESSIVE;
				GCC_WARN_UNUSED_FUNCTION = YES;
				GCC_WARN_UNUSED_VARIABLE = YES;
				IPHONEOS_DEPLOYMENT_TARGET = 16.4;
				MTL_ENABLE_DEBUG_INFO = NO;
				MTL_FAST_MATH = YES;
				SDKROOT = iphoneos;
				SWIFT_COMPILATION_MODE = wholemodule;
				SWIFT_OPTIMIZATION_LEVEL = "-O";
				VALIDATE_PRODUCT = YES;
			};
			name = Release;
		};
		55C2D1392AFB4385006C1D0C /* Debug */ = {
			isa = XCBuildConfiguration;
			buildSettings = {
				ASSETCATALOG_COMPILER_APPICON_NAME = AppIcon;
				ASSETCATALOG_COMPILER_GLOBAL_ACCENT_COLOR_NAME = AccentColor;
				CODE_SIGN_STYLE = Automatic;
				CURRENT_PROJECT_VERSION = 1;
				DEVELOPMENT_ASSET_PATHS = "\"xs/Preview Content\"";
				DEVELOPMENT_TEAM = LMK7F8TW59;
				ENABLE_PREVIEWS = YES;
				GENERATE_INFOPLIST_FILE = YES;
				INFOPLIST_KEY_UIApplicationSceneManifest_Generation = YES;
				INFOPLIST_KEY_UIApplicationSupportsIndirectInputEvents = YES;
				INFOPLIST_KEY_UILaunchScreen_Generation = YES;
				INFOPLIST_KEY_UISupportedInterfaceOrientations_iPad = "UIInterfaceOrientationPortrait UIInterfaceOrientationPortraitUpsideDown UIInterfaceOrientationLandscapeLeft UIInterfaceOrientationLandscapeRight";
				INFOPLIST_KEY_UISupportedInterfaceOrientations_iPhone = "UIInterfaceOrientationPortrait UIInterfaceOrientationLandscapeLeft UIInterfaceOrientationLandscapeRight";
				LD_RUNPATH_SEARCH_PATHS = (
					"$(inherited)",
					"@executable_path/Frameworks",
				);
				MARKETING_VERSION = 1.0;
				PRODUCT_BUNDLE_IDENTIFIER = "com.felipe-vallejo.xs";
				PRODUCT_NAME = "$(TARGET_NAME)";
				SWIFT_EMIT_LOC_STRINGS = YES;
				SWIFT_VERSION = 5.0;
				TARGETED_DEVICE_FAMILY = "1,2";
			};
			name = Debug;
		};
		55C2D13A2AFB4385006C1D0C /* Release */ = {
			isa = XCBuildConfiguration;
			buildSettings = {
				ASSETCATALOG_COMPILER_APPICON_NAME = AppIcon;
				ASSETCATALOG_COMPILER_GLOBAL_ACCENT_COLOR_NAME = AccentColor;
				CODE_SIGN_STYLE = Automatic;
				CURRENT_PROJECT_VERSION = 1;
				DEVELOPMENT_ASSET_PATHS = "\"xs/Preview Content\"";
				DEVELOPMENT_TEAM = LMK7F8TW59;
				ENABLE_PREVIEWS = YES;
				GENERATE_INFOPLIST_FILE = YES;
				INFOPLIST_KEY_UIApplicationSceneManifest_Generation = YES;
				INFOPLIST_KEY_UIApplicationSupportsIndirectInputEvents = YES;
				INFOPLIST_KEY_UILaunchScreen_Generation = YES;
				INFOPLIST_KEY_UISupportedInterfaceOrientations_iPad = "UIInterfaceOrientationPortrait UIInterfaceOrientationPortraitUpsideDown UIInterfaceOrientationLandscapeLeft UIInterfaceOrientationLandscapeRight";
				INFOPLIST_KEY_UISupportedInterfaceOrientations_iPhone = "UIInterfaceOrientationPortrait UIInterfaceOrientationLandscapeLeft UIInterfaceOrientationLandscapeRight";
				LD_RUNPATH_SEARCH_PATHS = (
					"$(inherited)",
					"@executable_path/Frameworks",
				);
				MARKETING_VERSION = 1.0;
				PRODUCT_BUNDLE_IDENTIFIER = "com.felipe-vallejo.xs";
				PRODUCT_NAME = "$(TARGET_NAME)";
				SWIFT_EMIT_LOC_STRINGS = YES;
				SWIFT_VERSION = 5.0;
				TARGETED_DEVICE_FAMILY = "1,2";
			};
			name = Release;
		};
/* End XCBuildConfiguration section */

/* Begin XCConfigurationList section */
		55C2D1252AFB4384006C1D0C /* Build configuration list for PBXProject "xs" */ = {
			isa = XCConfigurationList;
			buildConfigurations = (
				55C2D1362AFB4385006C1D0C /* Debug */,
				55C2D1372AFB4385006C1D0C /* Release */,
			);
			defaultConfigurationIsVisible = 0;
			defaultConfigurationName = Release;
		};
		55C2D1382AFB4385006C1D0C /* Build configuration list for PBXNativeTarget "xs" */ = {
			isa = XCConfigurationList;
			buildConfigurations = (
				55C2D1392AFB4385006C1D0C /* Debug */,
				55C2D13A2AFB4385006C1D0C /* Release */,
			);
			defaultConfigurationIsVisible = 0;
			defaultConfigurationName = Release;
		};
/* End XCConfigurationList section */

/* Begin XCRemoteSwiftPackageReference section */
		5507D6002B0DADF10055BAAD /* XCRemoteSwiftPackageReference "Kingfisher" */ = {
			isa = XCRemoteSwiftPackageReference;
			repositoryURL = "https://github.com/onevcat/Kingfisher.git";
			requirement = {
				kind = upToNextMajorVersion;
				minimumVersion = 5.15.8;
			};
		};
		5557E1682B0C063B005E4FD6 /* XCRemoteSwiftPackageReference "firebase-ios-sdk" */ = {
			isa = XCRemoteSwiftPackageReference;
			repositoryURL = "https://github.com/firebase/firebase-ios-sdk";
			requirement = {
				kind = upToNextMajorVersion;
				minimumVersion = 10.0.0;
			};
		};
/* End XCRemoteSwiftPackageReference section */

/* Begin XCSwiftPackageProductDependency section */
		5507D6012B0DADF20055BAAD /* KingfisherSwiftUI */ = {
			isa = XCSwiftPackageProductDependency;
			package = 5507D6002B0DADF10055BAAD /* XCRemoteSwiftPackageReference "Kingfisher" */;
			productName = KingfisherSwiftUI;
		};
		5557E1692B0C063B005E4FD6 /* FirebaseAuth */ = {
			isa = XCSwiftPackageProductDependency;
			package = 5557E1682B0C063B005E4FD6 /* XCRemoteSwiftPackageReference "firebase-ios-sdk" */;
			productName = FirebaseAuth;
		};
		5557E16B2B0C063B005E4FD6 /* FirebaseFirestore */ = {
			isa = XCSwiftPackageProductDependency;
			package = 5557E1682B0C063B005E4FD6 /* XCRemoteSwiftPackageReference "firebase-ios-sdk" */;
			productName = FirebaseFirestore;
		};
		5557E16D2B0C063B005E4FD6 /* FirebaseStorage */ = {
			isa = XCSwiftPackageProductDependency;
			package = 5557E1682B0C063B005E4FD6 /* XCRemoteSwiftPackageReference "firebase-ios-sdk" */;
			productName = FirebaseStorage;
		};
/* End XCSwiftPackageProductDependency section */
	};
	rootObject = 55C2D1222AFB4384006C1D0C /* Project object */;
}
